
Microsoft Visual Studio Solution File, Format Version 12.00
# Visual Studio Version 17
VisualStudioVersion = 17.7.34221.43
MinimumVisualStudioVersion = 10.0.40219.1
Project("{FAE04EC0-301F-11D3-BF4B-00C04F79EFBC}") = "GA_FieldProperties_MikalJohnson", "GA_FieldProperties_MikalJohnson\GA_FieldProperties_MikalJohnson.csproj", "{1E0A0930-0E17-482F-8DC1-149C3114F8A1}"
EndProject
Global
	GlobalSection(SolutionConfigurationPlatforms) = preSolution
		Debug|Any CPU = Debug|Any CPU
		Release|Any CPU = Release|Any CPU
	EndGlobalSection
	GlobalSection(ProjectConfigurationPlatforms) = postSolution
		{1E0A0930-0E17-482F-8DC1-149C3114F8A1}.Debug|Any CPU.ActiveCfg = Debug|Any CPU
		{1E0A0930-0E17-482F-8DC1-149C3114F8A1}.Debug|Any CPU.Build.0 = Debug|Any CPU
		{1E0A0930-0E17-482F-8DC1-149C3114F8A1}.Release|Any CPU.ActiveCfg = Release|Any CPU
		{1E0A0930-0E17-482F-8DC1-149C3114F8A1}.Release|Any CPU.Build.0 = Release|Any CPU
	EndGlobalSection
	GlobalSection(SolutionProperties) = preSolution
		HideSolutionNode = FALSE
	EndGlobalSection
	GlobalSection(ExtensibilityGlobals) = postSolution
		SolutionGuid = {B95F2C27-F224-430E-BC1C-757149EC901E}
	EndGlobalSection
EndGlobal
